
Microsoft Visual Studio Solution File, Format Version 12.00
# Visual Studio Version 16
VisualStudioVersion = 16.0.30804.86
MinimumVisualStudioVersion = 10.0.40219.1
Project("{9A19103F-16F7-4668-BE54-9A1E7A4F7556}") = "Server", "Server\Server.csproj", "{B715AE7F-1731-438C-9C6C-524897CDD934}"
EndProject
Project("{9A19103F-16F7-4668-BE54-9A1E7A4F7556}") = "GameStructure", "GameStructure\GameStructure.csproj", "{712C9D00-A322-47C3-A419-ABB8571FAC29}"
EndProject
Project("{9A19103F-16F7-4668-BE54-9A1E7A4F7556}") = "Tests", "Tests\Tests.csproj", "{B30F70E5-3935-46BB-B67A-6019E4F11227}"
EndProject
Project("{9A19103F-16F7-4668-BE54-9A1E7A4F7556}") = "GameMechanic", "GameMechanic\GameMechanic.csproj", "{FC2F5630-3C91-4736-B0C8-5A5BA332BF77}"
EndProject
Project("{FAE04EC0-301F-11D3-BF4B-00C04F79EFBC}") = "GameController", "GameController\GameController.csproj", "{2CE4F3B4-3B78-43DE-B6EB-2C585355904F}"
EndProject
Global
	GlobalSection(SolutionConfigurationPlatforms) = preSolution
		Debug|Any CPU = Debug|Any CPU
		Release|Any CPU = Release|Any CPU
	EndGlobalSection
	GlobalSection(ProjectConfigurationPlatforms) = postSolution
		{B715AE7F-1731-438C-9C6C-524897CDD934}.Debug|Any CPU.ActiveCfg = Debug|Any CPU
		{B715AE7F-1731-438C-9C6C-524897CDD934}.Debug|Any CPU.Build.0 = Debug|Any CPU
		{B715AE7F-1731-438C-9C6C-524897CDD934}.Release|Any CPU.ActiveCfg = Release|Any CPU
		{B715AE7F-1731-438C-9C6C-524897CDD934}.Release|Any CPU.Build.0 = Release|Any CPU
		{712C9D00-A322-47C3-A419-ABB8571FAC29}.Debug|Any CPU.ActiveCfg = Debug|Any CPU
		{712C9D00-A322-47C3-A419-ABB8571FAC29}.Debug|Any CPU.Build.0 = Debug|Any CPU
		{712C9D00-A322-47C3-A419-ABB8571FAC29}.Release|Any CPU.ActiveCfg = Release|Any CPU
		{712C9D00-A322-47C3-A419-ABB8571FAC29}.Release|Any CPU.Build.0 = Release|Any CPU
		{B30F70E5-3935-46BB-B67A-6019E4F11227}.Debug|Any CPU.ActiveCfg = Debug|Any CPU
		{B30F70E5-3935-46BB-B67A-6019E4F11227}.Debug|Any CPU.Build.0 = Debug|Any CPU
		{B30F70E5-3935-46BB-B67A-6019E4F11227}.Release|Any CPU.ActiveCfg = Release|Any CPU
		{B30F70E5-3935-46BB-B67A-6019E4F11227}.Release|Any CPU.Build.0 = Release|Any CPU
		{FC2F5630-3C91-4736-B0C8-5A5BA332BF77}.Debug|Any CPU.ActiveCfg = Debug|Any CPU
		{FC2F5630-3C91-4736-B0C8-5A5BA332BF77}.Debug|Any CPU.Build.0 = Debug|Any CPU
		{FC2F5630-3C91-4736-B0C8-5A5BA332BF77}.Release|Any CPU.ActiveCfg = Release|Any CPU
		{FC2F5630-3C91-4736-B0C8-5A5BA332BF77}.Release|Any CPU.Build.0 = Release|Any CPU
		{2CE4F3B4-3B78-43DE-B6EB-2C585355904F}.Debug|Any CPU.ActiveCfg = Debug|Any CPU
		{2CE4F3B4-3B78-43DE-B6EB-2C585355904F}.Debug|Any CPU.Build.0 = Debug|Any CPU
		{2CE4F3B4-3B78-43DE-B6EB-2C585355904F}.Release|Any CPU.ActiveCfg = Release|Any CPU
		{2CE4F3B4-3B78-43DE-B6EB-2C585355904F}.Release|Any CPU.Build.0 = Release|Any CPU
	EndGlobalSection
	GlobalSection(SolutionProperties) = preSolution
		HideSolutionNode = FALSE
	EndGlobalSection
	GlobalSection(ExtensibilityGlobals) = postSolution
		SolutionGuid = {164A50AA-A5D7-4023-96A8-18E8A83061A0}
	EndGlobalSection
EndGlobal
